// !$*UTF8*$!
{
	archiveVersion = 1;
	classes = {
	};
	objectVersion = 50;
	objects = {

/* Begin PBXBuildFile section */
		930BCDF0257C42FD00C87185 /* SharedInstanceViewTests.swift in Sources */ = {isa = PBXBuildFile; fileRef = 930BCDEF257C42FC00C87185 /* SharedInstanceViewTests.swift */; };
		930BCDF2257CB64B00C87185 /* Styles.swift in Sources */ = {isa = PBXBuildFile; fileRef = 930BCDF1257CB64A00C87185 /* Styles.swift */; };
		93A8F2872591BC2300639FC4 /* LoginView.swift in Sources */ = {isa = PBXBuildFile; fileRef = 93A8F2862591BC2300639FC4 /* LoginView.swift */; };
		93E8D8FB25876777003A8558 /* ConvoView.swift in Sources */ = {isa = PBXBuildFile; fileRef = 93E8D8E825876776003A8558 /* ConvoView.swift */; };
		93E8D8FC25876777003A8558 /* ConvoView.swift in Sources */ = {isa = PBXBuildFile; fileRef = 93E8D8E825876776003A8558 /* ConvoView.swift */; };
		93E8D8FD25876777003A8558 /* ProfileView.swift in Sources */ = {isa = PBXBuildFile; fileRef = 93E8D8E925876776003A8558 /* ProfileView.swift */; };
		93E8D8FE25876777003A8558 /* ProfileView.swift in Sources */ = {isa = PBXBuildFile; fileRef = 93E8D8E925876776003A8558 /* ProfileView.swift */; };
		93E8D8FF25876777003A8558 /* LikeView.swift in Sources */ = {isa = PBXBuildFile; fileRef = 93E8D8EA25876776003A8558 /* LikeView.swift */; };
		93E8D90025876777003A8558 /* LikeView.swift in Sources */ = {isa = PBXBuildFile; fileRef = 93E8D8EA25876776003A8558 /* LikeView.swift */; };
		93E8D90125876777003A8558 /* NewsFeedView.swift in Sources */ = {isa = PBXBuildFile; fileRef = 93E8D8EB25876776003A8558 /* NewsFeedView.swift */; };
		93E8D90225876777003A8558 /* NewsFeedView.swift in Sources */ = {isa = PBXBuildFile; fileRef = 93E8D8EB25876776003A8558 /* NewsFeedView.swift */; };
		93E8D90325876777003A8558 /* SharedInstanceView.swift in Sources */ = {isa = PBXBuildFile; fileRef = 93E8D8EC25876776003A8558 /* SharedInstanceView.swift */; };
		93E8D90425876777003A8558 /* SharedInstanceView.swift in Sources */ = {isa = PBXBuildFile; fileRef = 93E8D8EC25876776003A8558 /* SharedInstanceView.swift */; };
		93E8D90525876777003A8558 /* ContentView.swift in Sources */ = {isa = PBXBuildFile; fileRef = 93E8D8ED25876776003A8558 /* ContentView.swift */; };
		93E8D90625876777003A8558 /* ContentView.swift in Sources */ = {isa = PBXBuildFile; fileRef = 93E8D8ED25876776003A8558 /* ContentView.swift */; };
		93E8D90725876777003A8558 /* MusicTweetViewModel.swift in Sources */ = {isa = PBXBuildFile; fileRef = 93E8D8EF25876776003A8558 /* MusicTweetViewModel.swift */; };
		93E8D90825876777003A8558 /* MusicTweetViewModel.swift in Sources */ = {isa = PBXBuildFile; fileRef = 93E8D8EF25876776003A8558 /* MusicTweetViewModel.swift */; };
		93E8D90925876777003A8558 /* ProfileViewModels.swift in Sources */ = {isa = PBXBuildFile; fileRef = 93E8D8F025876776003A8558 /* ProfileViewModels.swift */; };
		93E8D90A25876777003A8558 /* ProfileViewModels.swift in Sources */ = {isa = PBXBuildFile; fileRef = 93E8D8F025876776003A8558 /* ProfileViewModels.swift */; };
		93E8D90B25876777003A8558 /* ConvoViewModel.swift in Sources */ = {isa = PBXBuildFile; fileRef = 93E8D8F125876776003A8558 /* ConvoViewModel.swift */; };
		93E8D90C25876777003A8558 /* ConvoViewModel.swift in Sources */ = {isa = PBXBuildFile; fileRef = 93E8D8F125876776003A8558 /* ConvoViewModel.swift */; };
		93E8D90D25876777003A8558 /* SongInstance.swift in Sources */ = {isa = PBXBuildFile; fileRef = 93E8D8F325876777003A8558 /* SongInstance.swift */; };
		93E8D90E25876777003A8558 /* SongInstance.swift in Sources */ = {isa = PBXBuildFile; fileRef = 93E8D8F325876777003A8558 /* SongInstance.swift */; };
		93E8D90F25876777003A8558 /* Song.swift in Sources */ = {isa = PBXBuildFile; fileRef = 93E8D8F425876777003A8558 /* Song.swift */; };
		93E8D91025876777003A8558 /* Song.swift in Sources */ = {isa = PBXBuildFile; fileRef = 93E8D8F425876777003A8558 /* Song.swift */; };
		93E8D91125876777003A8558 /* Genre.swift in Sources */ = {isa = PBXBuildFile; fileRef = 93E8D8F525876777003A8558 /* Genre.swift */; };
		93E8D91225876777003A8558 /* Genre.swift in Sources */ = {isa = PBXBuildFile; fileRef = 93E8D8F525876777003A8558 /* Genre.swift */; };
		93E8D91325876777003A8558 /* Comment.swift in Sources */ = {isa = PBXBuildFile; fileRef = 93E8D8F625876777003A8558 /* Comment.swift */; };
		93E8D91425876777003A8558 /* Comment.swift in Sources */ = {isa = PBXBuildFile; fileRef = 93E8D8F625876777003A8558 /* Comment.swift */; };
		93E8D91525876777003A8558 /* User.swift in Sources */ = {isa = PBXBuildFile; fileRef = 93E8D8F725876777003A8558 /* User.swift */; };
		93E8D91625876777003A8558 /* User.swift in Sources */ = {isa = PBXBuildFile; fileRef = 93E8D8F725876777003A8558 /* User.swift */; };
		93E8D91B25876777003A8558 /* TestDataManager.swift in Sources */ = {isa = PBXBuildFile; fileRef = 93E8D8FA25876777003A8558 /* TestDataManager.swift */; };
		93E8D91C25876777003A8558 /* TestDataManager.swift in Sources */ = {isa = PBXBuildFile; fileRef = 93E8D8FA25876777003A8558 /* TestDataManager.swift */; };
		93E8D91E25880E29003A8558 /* songs.json in Resources */ = {isa = PBXBuildFile; fileRef = 93E8D91D25880E29003A8558 /* songs.json */; };
		93F2D7802575F3DB004FDDD3 /* users.json in Resources */ = {isa = PBXBuildFile; fileRef = 93F2D77F2575F3DA004FDDD3 /* users.json */; };
		93F2D78625761D38004FDDD3 /* song_instances.json in Resources */ = {isa = PBXBuildFile; fileRef = 93F2D78525761D38004FDDD3 /* song_instances.json */; };
		93F2D7AD2579A5F4004FDDD3 /* musicSharingTests.swift in Sources */ = {isa = PBXBuildFile; fileRef = 93F2D7AC2579A5F4004FDDD3 /* musicSharingTests.swift */; };
		93F2D7B52579B6FE004FDDD3 /* CoreDataTests.swift in Sources */ = {isa = PBXBuildFile; fileRef = 93F2D7B42579B6FD004FDDD3 /* CoreDataTests.swift */; };
		93FE780425666A60009D8C4F /* AppDelegate.swift in Sources */ = {isa = PBXBuildFile; fileRef = 93FE780325666A60009D8C4F /* AppDelegate.swift */; };
		93FE780625666A60009D8C4F /* SceneDelegate.swift in Sources */ = {isa = PBXBuildFile; fileRef = 93FE780525666A60009D8C4F /* SceneDelegate.swift */; };
		93FE780925666A60009D8C4F /* musicSharing.xcdatamodeld in Sources */ = {isa = PBXBuildFile; fileRef = 93FE780725666A60009D8C4F /* musicSharing.xcdatamodeld */; };
		93FE780D25666A69009D8C4F /* Assets.xcassets in Resources */ = {isa = PBXBuildFile; fileRef = 93FE780C25666A69009D8C4F /* Assets.xcassets */; };
		93FE781025666A69009D8C4F /* Preview Assets.xcassets in Resources */ = {isa = PBXBuildFile; fileRef = 93FE780F25666A69009D8C4F /* Preview Assets.xcassets */; };
		93FE781325666A69009D8C4F /* LaunchScreen.storyboard in Resources */ = {isa = PBXBuildFile; fileRef = 93FE781125666A69009D8C4F /* LaunchScreen.storyboard */; };
/* End PBXBuildFile section */

/* Begin PBXContainerItemProxy section */
		93F2D7AF2579A5F4004FDDD3 /* PBXContainerItemProxy */ = {
			isa = PBXContainerItemProxy;
			containerPortal = 93FE77F825666A60009D8C4F /* Project object */;
			proxyType = 1;
			remoteGlobalIDString = 93FE77FF25666A60009D8C4F;
			remoteInfo = musicSharing;
		};
/* End PBXContainerItemProxy section */

/* Begin PBXFileReference section */
		930BCDEF257C42FC00C87185 /* SharedInstanceViewTests.swift */ = {isa = PBXFileReference; lastKnownFileType = sourcecode.swift; path = SharedInstanceViewTests.swift; sourceTree = "<group>"; };
		930BCDF1257CB64A00C87185 /* Styles.swift */ = {isa = PBXFileReference; lastKnownFileType = sourcecode.swift; path = Styles.swift; sourceTree = "<group>"; };
		93A8F2862591BC2300639FC4 /* LoginView.swift */ = {isa = PBXFileReference; lastKnownFileType = sourcecode.swift; path = LoginView.swift; sourceTree = "<group>"; };
		93E8D8E825876776003A8558 /* ConvoView.swift */ = {isa = PBXFileReference; fileEncoding = 4; lastKnownFileType = sourcecode.swift; path = ConvoView.swift; sourceTree = "<group>"; };
		93E8D8E925876776003A8558 /* ProfileView.swift */ = {isa = PBXFileReference; fileEncoding = 4; lastKnownFileType = sourcecode.swift; path = ProfileView.swift; sourceTree = "<group>"; };
		93E8D8EA25876776003A8558 /* LikeView.swift */ = {isa = PBXFileReference; fileEncoding = 4; lastKnownFileType = sourcecode.swift; path = LikeView.swift; sourceTree = "<group>"; };
		93E8D8EB25876776003A8558 /* NewsFeedView.swift */ = {isa = PBXFileReference; fileEncoding = 4; lastKnownFileType = sourcecode.swift; path = NewsFeedView.swift; sourceTree = "<group>"; };
		93E8D8EC25876776003A8558 /* SharedInstanceView.swift */ = {isa = PBXFileReference; fileEncoding = 4; lastKnownFileType = sourcecode.swift; path = SharedInstanceView.swift; sourceTree = "<group>"; };
		93E8D8ED25876776003A8558 /* ContentView.swift */ = {isa = PBXFileReference; fileEncoding = 4; lastKnownFileType = sourcecode.swift; path = ContentView.swift; sourceTree = "<group>"; };
		93E8D8EF25876776003A8558 /* MusicTweetViewModel.swift */ = {isa = PBXFileReference; fileEncoding = 4; lastKnownFileType = sourcecode.swift; path = MusicTweetViewModel.swift; sourceTree = "<group>"; };
		93E8D8F025876776003A8558 /* ProfileViewModels.swift */ = {isa = PBXFileReference; fileEncoding = 4; lastKnownFileType = sourcecode.swift; path = ProfileViewModels.swift; sourceTree = "<group>"; };
		93E8D8F125876776003A8558 /* ConvoViewModel.swift */ = {isa = PBXFileReference; fileEncoding = 4; lastKnownFileType = sourcecode.swift; path = ConvoViewModel.swift; sourceTree = "<group>"; };
		93E8D8F325876777003A8558 /* SongInstance.swift */ = {isa = PBXFileReference; fileEncoding = 4; lastKnownFileType = sourcecode.swift; path = SongInstance.swift; sourceTree = "<group>"; };
		93E8D8F425876777003A8558 /* Song.swift */ = {isa = PBXFileReference; fileEncoding = 4; lastKnownFileType = sourcecode.swift; path = Song.swift; sourceTree = "<group>"; };
		93E8D8F525876777003A8558 /* Genre.swift */ = {isa = PBXFileReference; fileEncoding = 4; lastKnownFileType = sourcecode.swift; path = Genre.swift; sourceTree = "<group>"; };
		93E8D8F625876777003A8558 /* Comment.swift */ = {isa = PBXFileReference; fileEncoding = 4; lastKnownFileType = sourcecode.swift; path = Comment.swift; sourceTree = "<group>"; };
		93E8D8F725876777003A8558 /* User.swift */ = {isa = PBXFileReference; fileEncoding = 4; lastKnownFileType = sourcecode.swift; path = User.swift; sourceTree = "<group>"; };
		93E8D8FA25876777003A8558 /* TestDataManager.swift */ = {isa = PBXFileReference; fileEncoding = 4; lastKnownFileType = sourcecode.swift; path = TestDataManager.swift; sourceTree = "<group>"; };
		93E8D91D25880E29003A8558 /* songs.json */ = {isa = PBXFileReference; fileEncoding = 4; lastKnownFileType = text.json; path = songs.json; sourceTree = "<group>"; };
		93F2D77F2575F3DA004FDDD3 /* users.json */ = {isa = PBXFileReference; lastKnownFileType = text.json; path = users.json; sourceTree = "<group>"; };
		93F2D78525761D38004FDDD3 /* song_instances.json */ = {isa = PBXFileReference; lastKnownFileType = text.json; path = song_instances.json; sourceTree = "<group>"; };
		93F2D789257731C9004FDDD3 /* schoolProject v2.xcdatamodel */ = {isa = PBXFileReference; lastKnownFileType = wrapper.xcdatamodel; path = "schoolProject v2.xcdatamodel"; sourceTree = "<group>"; };
		93F2D79025799F97004FDDD3 /* musicSharingTests.swift */ = {isa = PBXFileReference; lastKnownFileType = sourcecode.swift; path = musicSharingTests.swift; sourceTree = "<group>"; };
		93F2D79225799F97004FDDD3 /* Info.plist */ = {isa = PBXFileReference; lastKnownFileType = text.plist.xml; path = Info.plist; sourceTree = "<group>"; };
		93F2D7AA2579A5F3004FDDD3 /* musicSharingTests.xctest */ = {isa = PBXFileReference; explicitFileType = wrapper.cfbundle; includeInIndex = 0; path = musicSharingTests.xctest; sourceTree = BUILT_PRODUCTS_DIR; };
		93F2D7AC2579A5F4004FDDD3 /* musicSharingTests.swift */ = {isa = PBXFileReference; lastKnownFileType = sourcecode.swift; path = musicSharingTests.swift; sourceTree = "<group>"; };
		93F2D7AE2579A5F4004FDDD3 /* Info.plist */ = {isa = PBXFileReference; lastKnownFileType = text.plist.xml; path = Info.plist; sourceTree = "<group>"; };
		93F2D7B42579B6FD004FDDD3 /* CoreDataTests.swift */ = {isa = PBXFileReference; lastKnownFileType = sourcecode.swift; path = CoreDataTests.swift; sourceTree = "<group>"; };
		93FE780025666A60009D8C4F /* musicSharing.app */ = {isa = PBXFileReference; explicitFileType = wrapper.application; includeInIndex = 0; path = musicSharing.app; sourceTree = BUILT_PRODUCTS_DIR; };
		93FE780325666A60009D8C4F /* AppDelegate.swift */ = {isa = PBXFileReference; lastKnownFileType = sourcecode.swift; path = AppDelegate.swift; sourceTree = "<group>"; };
		93FE780525666A60009D8C4F /* SceneDelegate.swift */ = {isa = PBXFileReference; lastKnownFileType = sourcecode.swift; path = SceneDelegate.swift; sourceTree = "<group>"; };
		93FE780825666A60009D8C4F /* schoolProject.xcdatamodel */ = {isa = PBXFileReference; lastKnownFileType = wrapper.xcdatamodel; path = schoolProject.xcdatamodel; sourceTree = "<group>"; };
		93FE780C25666A69009D8C4F /* Assets.xcassets */ = {isa = PBXFileReference; lastKnownFileType = folder.assetcatalog; path = Assets.xcassets; sourceTree = "<group>"; };
		93FE780F25666A69009D8C4F /* Preview Assets.xcassets */ = {isa = PBXFileReference; lastKnownFileType = folder.assetcatalog; path = "Preview Assets.xcassets"; sourceTree = "<group>"; };
		93FE781225666A69009D8C4F /* Base */ = {isa = PBXFileReference; lastKnownFileType = file.storyboard; name = Base; path = Base.lproj/LaunchScreen.storyboard; sourceTree = "<group>"; };
		93FE781425666A69009D8C4F /* Info.plist */ = {isa = PBXFileReference; lastKnownFileType = text.plist.xml; path = Info.plist; sourceTree = "<group>"; };
/* End PBXFileReference section */

/* Begin PBXFrameworksBuildPhase section */
		93F2D7A72579A5F3004FDDD3 /* Frameworks */ = {
			isa = PBXFrameworksBuildPhase;
			buildActionMask = 2147483647;
			files = (
			);
			runOnlyForDeploymentPostprocessing = 0;
		};
		93FE77FD25666A60009D8C4F /* Frameworks */ = {
			isa = PBXFrameworksBuildPhase;
			buildActionMask = 2147483647;
			files = (
			);
			runOnlyForDeploymentPostprocessing = 0;
		};
/* End PBXFrameworksBuildPhase section */

/* Begin PBXGroup section */
		93E8D8E725876776003A8558 /* Views */ = {
			isa = PBXGroup;
			children = (
				93E8D8E825876776003A8558 /* ConvoView.swift */,
				93E8D8E925876776003A8558 /* ProfileView.swift */,
				93E8D8EA25876776003A8558 /* LikeView.swift */,
				93E8D8EB25876776003A8558 /* NewsFeedView.swift */,
				93E8D8EC25876776003A8558 /* SharedInstanceView.swift */,
				93E8D8ED25876776003A8558 /* ContentView.swift */,
				93A8F2862591BC2300639FC4 /* LoginView.swift */,
			);
			name = Views;
			path = musicSharing/Views;
			sourceTree = "<group>";
		};
		93E8D8EE25876776003A8558 /* ViewModels */ = {
			isa = PBXGroup;
			children = (
				93E8D8EF25876776003A8558 /* MusicTweetViewModel.swift */,
				93E8D8F025876776003A8558 /* ProfileViewModels.swift */,
				93E8D8F125876776003A8558 /* ConvoViewModel.swift */,
			);
			name = ViewModels;
			path = musicSharing/ViewModels;
			sourceTree = "<group>";
		};
		93E8D8F225876777003A8558 /* Models */ = {
			isa = PBXGroup;
			children = (
				93E8D8F325876777003A8558 /* SongInstance.swift */,
				93E8D8F425876777003A8558 /* Song.swift */,
				93E8D8F525876777003A8558 /* Genre.swift */,
				93E8D8F625876777003A8558 /* Comment.swift */,
				93E8D8F725876777003A8558 /* User.swift */,
				93E8D8FA25876777003A8558 /* TestDataManager.swift */,
			);
			name = Models;
			path = musicSharing/Models;
			sourceTree = "<group>";
		};
		93F2D77E2575F39E004FDDD3 /* Resources */ = {
			isa = PBXGroup;
			children = (
				93E8D91D25880E29003A8558 /* songs.json */,
				93F2D77F2575F3DA004FDDD3 /* users.json */,
				93F2D78525761D38004FDDD3 /* song_instances.json */,
			);
			path = Resources;
			sourceTree = "<group>";
		};
		93F2D78F25799F97004FDDD3 /* musicSharingTests */ = {
			isa = PBXGroup;
			children = (
				93F2D79025799F97004FDDD3 /* musicSharingTests.swift */,
				93F2D79225799F97004FDDD3 /* Info.plist */,
			);
			path = musicSharingTests;
			sourceTree = "<group>";
		};
		93F2D7AB2579A5F4004FDDD3 /* musicSharingTests */ = {
			isa = PBXGroup;
			children = (
				930BCDEF257C42FC00C87185 /* SharedInstanceViewTests.swift */,
				93F2D7B42579B6FD004FDDD3 /* CoreDataTests.swift */,
				93F2D7AC2579A5F4004FDDD3 /* musicSharingTests.swift */,
				93F2D7AE2579A5F4004FDDD3 /* Info.plist */,
			);
			path = musicSharingTests;
			sourceTree = "<group>";
		};
		93FE77F725666A60009D8C4F = {
			isa = PBXGroup;
			children = (
				93E8D8F225876777003A8558 /* Models */,
				93E8D8EE25876776003A8558 /* ViewModels */,
				93E8D8E725876776003A8558 /* Views */,
				93FE780225666A60009D8C4F /* musicSharing */,
				93F2D78F25799F97004FDDD3 /* musicSharingTests */,
				93F2D7AB2579A5F4004FDDD3 /* musicSharingTests */,
				93FE780125666A60009D8C4F /* Products */,
			);
			sourceTree = "<group>";
		};
		93FE780125666A60009D8C4F /* Products */ = {
			isa = PBXGroup;
			children = (
				93FE780025666A60009D8C4F /* musicSharing.app */,
				93F2D7AA2579A5F3004FDDD3 /* musicSharingTests.xctest */,
			);
			name = Products;
			sourceTree = "<group>";
		};
		93FE780225666A60009D8C4F /* musicSharing */ = {
			isa = PBXGroup;
			children = (
				93FE780325666A60009D8C4F /* AppDelegate.swift */,
				93FE780525666A60009D8C4F /* SceneDelegate.swift */,
				930BCDF1257CB64A00C87185 /* Styles.swift */,
				93FE780C25666A69009D8C4F /* Assets.xcassets */,
				93F2D77E2575F39E004FDDD3 /* Resources */,
				93FE781125666A69009D8C4F /* LaunchScreen.storyboard */,
				93FE781425666A69009D8C4F /* Info.plist */,
				93FE780725666A60009D8C4F /* musicSharing.xcdatamodeld */,
				93FE780E25666A69009D8C4F /* Preview Content */,
			);
			path = musicSharing;
			sourceTree = "<group>";
		};
		93FE780E25666A69009D8C4F /* Preview Content */ = {
			isa = PBXGroup;
			children = (
				93FE780F25666A69009D8C4F /* Preview Assets.xcassets */,
			);
			path = "Preview Content";
			sourceTree = "<group>";
		};
/* End PBXGroup section */

/* Begin PBXNativeTarget section */
		93F2D7A92579A5F3004FDDD3 /* musicSharingTests */ = {
			isa = PBXNativeTarget;
			buildConfigurationList = 93F2D7B12579A5F4004FDDD3 /* Build configuration list for PBXNativeTarget "musicSharingTests" */;
			buildPhases = (
				93F2D7A62579A5F3004FDDD3 /* Sources */,
				93F2D7A72579A5F3004FDDD3 /* Frameworks */,
				93F2D7A82579A5F3004FDDD3 /* Resources */,
			);
			buildRules = (
			);
			dependencies = (
				93F2D7B02579A5F4004FDDD3 /* PBXTargetDependency */,
			);
			name = musicSharingTests;
			productName = musicSharingTests;
			productReference = 93F2D7AA2579A5F3004FDDD3 /* musicSharingTests.xctest */;
			productType = "com.apple.product-type.bundle.unit-test";
		};
		93FE77FF25666A60009D8C4F /* musicSharing */ = {
			isa = PBXNativeTarget;
			buildConfigurationList = 93FE781725666A69009D8C4F /* Build configuration list for PBXNativeTarget "musicSharing" */;
			buildPhases = (
				93FE77FC25666A60009D8C4F /* Sources */,
				93FE77FD25666A60009D8C4F /* Frameworks */,
				93FE77FE25666A60009D8C4F /* Resources */,
			);
			buildRules = (
			);
			dependencies = (
			);
			name = musicSharing;
			productName = schoolProject;
			productReference = 93FE780025666A60009D8C4F /* musicSharing.app */;
			productType = "com.apple.product-type.application";
		};
/* End PBXNativeTarget section */

/* Begin PBXProject section */
		93FE77F825666A60009D8C4F /* Project object */ = {
			isa = PBXProject;
			attributes = {
				LastSwiftUpdateCheck = 1170;
				LastUpgradeCheck = 1170;
				ORGANIZATIONNAME = "Varghese Thomas";
				TargetAttributes = {
					93F2D7A92579A5F3004FDDD3 = {
						CreatedOnToolsVersion = 11.7;
						TestTargetID = 93FE77FF25666A60009D8C4F;
					};
					93FE77FF25666A60009D8C4F = {
						CreatedOnToolsVersion = 11.7;
					};
				};
			};
			buildConfigurationList = 93FE77FB25666A60009D8C4F /* Build configuration list for PBXProject "musicSharing" */;
			compatibilityVersion = "Xcode 9.3";
			developmentRegion = en;
			hasScannedForEncodings = 0;
			knownRegions = (
				en,
				Base,
			);
			mainGroup = 93FE77F725666A60009D8C4F;
			productRefGroup = 93FE780125666A60009D8C4F /* Products */;
			projectDirPath = "";
			projectRoot = "";
			targets = (
				93FE77FF25666A60009D8C4F /* musicSharing */,
				93F2D7A92579A5F3004FDDD3 /* musicSharingTests */,
			);
		};
/* End PBXProject section */

/* Begin PBXResourcesBuildPhase section */
		93F2D7A82579A5F3004FDDD3 /* Resources */ = {
			isa = PBXResourcesBuildPhase;
			buildActionMask = 2147483647;
			files = (
			);
			runOnlyForDeploymentPostprocessing = 0;
		};
		93FE77FE25666A60009D8C4F /* Resources */ = {
			isa = PBXResourcesBuildPhase;
			buildActionMask = 2147483647;
			files = (
				93E8D91E25880E29003A8558 /* songs.json in Resources */,
				93F2D7802575F3DB004FDDD3 /* users.json in Resources */,
				93FE781325666A69009D8C4F /* LaunchScreen.storyboard in Resources */,
				93FE781025666A69009D8C4F /* Preview Assets.xcassets in Resources */,
				93FE780D25666A69009D8C4F /* Assets.xcassets in Resources */,
				93F2D78625761D38004FDDD3 /* song_instances.json in Resources */,
			);
			runOnlyForDeploymentPostprocessing = 0;
		};
/* End PBXResourcesBuildPhase section */

/* Begin PBXSourcesBuildPhase section */
		93F2D7A62579A5F3004FDDD3 /* Sources */ = {
			isa = PBXSourcesBuildPhase;
			buildActionMask = 2147483647;
			files = (
				93E8D91025876777003A8558 /* Song.swift in Sources */,
				930BCDF0257C42FD00C87185 /* SharedInstanceViewTests.swift in Sources */,
				93E8D90E25876777003A8558 /* SongInstance.swift in Sources */,
				93F2D7B52579B6FE004FDDD3 /* CoreDataTests.swift in Sources */,
				93E8D90A25876777003A8558 /* ProfileViewModels.swift in Sources */,
				93E8D91C25876777003A8558 /* TestDataManager.swift in Sources */,
				93E8D90425876777003A8558 /* SharedInstanceView.swift in Sources */,
				93E8D8FE25876777003A8558 /* ProfileView.swift in Sources */,
				93E8D91625876777003A8558 /* User.swift in Sources */,
				93E8D90025876777003A8558 /* LikeView.swift in Sources */,
				93E8D90625876777003A8558 /* ContentView.swift in Sources */,
				93E8D91225876777003A8558 /* Genre.swift in Sources */,
				93E8D90225876777003A8558 /* NewsFeedView.swift in Sources */,
				93E8D91425876777003A8558 /* Comment.swift in Sources */,
				93E8D90C25876777003A8558 /* ConvoViewModel.swift in Sources */,
				93E8D8FC25876777003A8558 /* ConvoView.swift in Sources */,
				93E8D90825876777003A8558 /* MusicTweetViewModel.swift in Sources */,
				93F2D7AD2579A5F4004FDDD3 /* musicSharingTests.swift in Sources */,
			);
			runOnlyForDeploymentPostprocessing = 0;
		};
		93FE77FC25666A60009D8C4F /* Sources */ = {
			isa = PBXSourcesBuildPhase;
			buildActionMask = 2147483647;
			files = (
				93E8D90325876777003A8558 /* SharedInstanceView.swift in Sources */,
				93E8D8FF25876777003A8558 /* LikeView.swift in Sources */,
				93E8D90125876777003A8558 /* NewsFeedView.swift in Sources */,
				93E8D8FB25876777003A8558 /* ConvoView.swift in Sources */,
				93FE780925666A60009D8C4F /* musicSharing.xcdatamodeld in Sources */,
				93E8D91B25876777003A8558 /* TestDataManager.swift in Sources */,
				93E8D91325876777003A8558 /* Comment.swift in Sources */,
				93E8D90D25876777003A8558 /* SongInstance.swift in Sources */,
				93E8D90B25876777003A8558 /* ConvoViewModel.swift in Sources */,
				93E8D91125876777003A8558 /* Genre.swift in Sources */,
				93FE780425666A60009D8C4F /* AppDelegate.swift in Sources */,
				93E8D90925876777003A8558 /* ProfileViewModels.swift in Sources */,
				93E8D90F25876777003A8558 /* Song.swift in Sources */,
				93E8D90525876777003A8558 /* ContentView.swift in Sources */,
				93E8D90725876777003A8558 /* MusicTweetViewModel.swift in Sources */,
				93E8D91525876777003A8558 /* User.swift in Sources */,
				930BCDF2257CB64B00C87185 /* Styles.swift in Sources */,
				93E8D8FD25876777003A8558 /* ProfileView.swift in Sources */,
				93A8F2872591BC2300639FC4 /* LoginView.swift in Sources */,
				93FE780625666A60009D8C4F /* SceneDelegate.swift in Sources */,
			);
			runOnlyForDeploymentPostprocessing = 0;
		};
/* End PBXSourcesBuildPhase section */

/* Begin PBXTargetDependency section */
		93F2D7B02579A5F4004FDDD3 /* PBXTargetDependency */ = {
			isa = PBXTargetDependency;
			target = 93FE77FF25666A60009D8C4F /* musicSharing */;
			targetProxy = 93F2D7AF2579A5F4004FDDD3 /* PBXContainerItemProxy */;
		};
/* End PBXTargetDependency section */

/* Begin PBXVariantGroup section */
		93FE781125666A69009D8C4F /* LaunchScreen.storyboard */ = {
			isa = PBXVariantGroup;
			children = (
				93FE781225666A69009D8C4F /* Base */,
			);
			name = LaunchScreen.storyboard;
			sourceTree = "<group>";
		};
/* End PBXVariantGroup section */

/* Begin XCBuildConfiguration section */
		93F2D7B22579A5F4004FDDD3 /* Debug */ = {
			isa = XCBuildConfiguration;
			buildSettings = {
				BUNDLE_LOADER = "$(TEST_HOST)";
				CODE_SIGN_STYLE = Automatic;
				INFOPLIST_FILE = musicSharingTests/Info.plist;
				LD_RUNPATH_SEARCH_PATHS = (
					"$(inherited)",
					"@executable_path/Frameworks",
					"@loader_path/Frameworks",
				);
				PRODUCT_BUNDLE_IDENTIFIER = com.musicSharingTests;
				PRODUCT_NAME = "$(TARGET_NAME)";
				SWIFT_VERSION = 5.0;
				TARGETED_DEVICE_FAMILY = "1,2";
				TEST_HOST = "$(BUILT_PRODUCTS_DIR)/musicSharing.app/musicSharing";
			};
			name = Debug;
		};
		93F2D7B32579A5F4004FDDD3 /* Release */ = {
			isa = XCBuildConfiguration;
			buildSettings = {
				BUNDLE_LOADER = "$(TEST_HOST)";
				CODE_SIGN_STYLE = Automatic;
				INFOPLIST_FILE = musicSharingTests/Info.plist;
				LD_RUNPATH_SEARCH_PATHS = (
					"$(inherited)",
					"@executable_path/Frameworks",
					"@loader_path/Frameworks",
				);
				PRODUCT_BUNDLE_IDENTIFIER = com.musicSharingTests;
				PRODUCT_NAME = "$(TARGET_NAME)";
				SWIFT_VERSION = 5.0;
				TARGETED_DEVICE_FAMILY = "1,2";
				TEST_HOST = "$(BUILT_PRODUCTS_DIR)/musicSharing.app/musicSharing";
			};
			name = Release;
		};
		93FE781525666A69009D8C4F /* Debug */ = {
			isa = XCBuildConfiguration;
			buildSettings = {
				ALWAYS_SEARCH_USER_PATHS = NO;
				CLANG_ANALYZER_NONNULL = YES;
				CLANG_ANALYZER_NUMBER_OBJECT_CONVERSION = YES_AGGRESSIVE;
				CLANG_CXX_LANGUAGE_STANDARD = "gnu++14";
				CLANG_CXX_LIBRARY = "libc++";
				CLANG_ENABLE_MODULES = YES;
				CLANG_ENABLE_OBJC_ARC = YES;
				CLANG_ENABLE_OBJC_WEAK = YES;
				CLANG_WARN_BLOCK_CAPTURE_AUTORELEASING = YES;
				CLANG_WARN_BOOL_CONVERSION = YES;
				CLANG_WARN_COMMA = YES;
				CLANG_WARN_CONSTANT_CONVERSION = YES;
				CLANG_WARN_DEPRECATED_OBJC_IMPLEMENTATIONS = YES;
				CLANG_WARN_DIRECT_OBJC_ISA_USAGE = YES_ERROR;
				CLANG_WARN_DOCUMENTATION_COMMENTS = YES;
				CLANG_WARN_EMPTY_BODY = YES;
				CLANG_WARN_ENUM_CONVERSION = YES;
				CLANG_WARN_INFINITE_RECURSION = YES;
				CLANG_WARN_INT_CONVERSION = YES;
				CLANG_WARN_NON_LITERAL_NULL_CONVERSION = YES;
				CLANG_WARN_OBJC_IMPLICIT_RETAIN_SELF = YES;
				CLANG_WARN_OBJC_LITERAL_CONVERSION = YES;
				CLANG_WARN_OBJC_ROOT_CLASS = YES_ERROR;
				CLANG_WARN_RANGE_LOOP_ANALYSIS = YES;
				CLANG_WARN_STRICT_PROTOTYPES = YES;
				CLANG_WARN_SUSPICIOUS_MOVE = YES;
				CLANG_WARN_UNGUARDED_AVAILABILITY = YES_AGGRESSIVE;
				CLANG_WARN_UNREACHABLE_CODE = YES;
				CLANG_WARN__DUPLICATE_METHOD_MATCH = YES;
				COPY_PHASE_STRIP = NO;
				DEBUG_INFORMATION_FORMAT = dwarf;
				ENABLE_STRICT_OBJC_MSGSEND = YES;
				ENABLE_TESTABILITY = YES;
				GCC_C_LANGUAGE_STANDARD = gnu11;
				GCC_DYNAMIC_NO_PIC = NO;
				GCC_NO_COMMON_BLOCKS = YES;
				GCC_OPTIMIZATION_LEVEL = 0;
				GCC_PREPROCESSOR_DEFINITIONS = (
					"DEBUG=1",
					"$(inherited)",
				);
				GCC_WARN_64_TO_32_BIT_CONVERSION = YES;
				GCC_WARN_ABOUT_RETURN_TYPE = YES_ERROR;
				GCC_WARN_UNDECLARED_SELECTOR = YES;
				GCC_WARN_UNINITIALIZED_AUTOS = YES_AGGRESSIVE;
				GCC_WARN_UNUSED_FUNCTION = YES;
				GCC_WARN_UNUSED_VARIABLE = YES;
				IPHONEOS_DEPLOYMENT_TARGET = 13.7;
				MTL_ENABLE_DEBUG_INFO = INCLUDE_SOURCE;
				MTL_FAST_MATH = YES;
				ONLY_ACTIVE_ARCH = YES;
				SDKROOT = iphoneos;
				SWIFT_ACTIVE_COMPILATION_CONDITIONS = DEBUG;
				SWIFT_OPTIMIZATION_LEVEL = "-Onone";
			};
			name = Debug;
		};
		93FE781625666A69009D8C4F /* Release */ = {
			isa = XCBuildConfiguration;
			buildSettings = {
				ALWAYS_SEARCH_USER_PATHS = NO;
				CLANG_ANALYZER_NONNULL = YES;
				CLANG_ANALYZER_NUMBER_OBJECT_CONVERSION = YES_AGGRESSIVE;
				CLANG_CXX_LANGUAGE_STANDARD = "gnu++14";
				CLANG_CXX_LIBRARY = "libc++";
				CLANG_ENABLE_MODULES = YES;
				CLANG_ENABLE_OBJC_ARC = YES;
				CLANG_ENABLE_OBJC_WEAK = YES;
				CLANG_WARN_BLOCK_CAPTURE_AUTORELEASING = YES;
				CLANG_WARN_BOOL_CONVERSION = YES;
				CLANG_WARN_COMMA = YES;
				CLANG_WARN_CONSTANT_CONVERSION = YES;
				CLANG_WARN_DEPRECATED_OBJC_IMPLEMENTATIONS = YES;
				CLANG_WARN_DIRECT_OBJC_ISA_USAGE = YES_ERROR;
				CLANG_WARN_DOCUMENTATION_COMMENTS = YES;
				CLANG_WARN_EMPTY_BODY = YES;
				CLANG_WARN_ENUM_CONVERSION = YES;
				CLANG_WARN_INFINITE_RECURSION = YES;
				CLANG_WARN_INT_CONVERSION = YES;
				CLANG_WARN_NON_LITERAL_NULL_CONVERSION = YES;
				CLANG_WARN_OBJC_IMPLICIT_RETAIN_SELF = YES;
				CLANG_WARN_OBJC_LITERAL_CONVERSION = YES;
				CLANG_WARN_OBJC_ROOT_CLASS = YES_ERROR;
				CLANG_WARN_RANGE_LOOP_ANALYSIS = YES;
				CLANG_WARN_STRICT_PROTOTYPES = YES;
				CLANG_WARN_SUSPICIOUS_MOVE = YES;
				CLANG_WARN_UNGUARDED_AVAILABILITY = YES_AGGRESSIVE;
				CLANG_WARN_UNREACHABLE_CODE = YES;
				CLANG_WARN__DUPLICATE_METHOD_MATCH = YES;
				COPY_PHASE_STRIP = NO;
				DEBUG_INFORMATION_FORMAT = "dwarf-with-dsym";
				ENABLE_NS_ASSERTIONS = NO;
				ENABLE_STRICT_OBJC_MSGSEND = YES;
				GCC_C_LANGUAGE_STANDARD = gnu11;
				GCC_NO_COMMON_BLOCKS = YES;
				GCC_WARN_64_TO_32_BIT_CONVERSION = YES;
				GCC_WARN_ABOUT_RETURN_TYPE = YES_ERROR;
				GCC_WARN_UNDECLARED_SELECTOR = YES;
				GCC_WARN_UNINITIALIZED_AUTOS = YES_AGGRESSIVE;
				GCC_WARN_UNUSED_FUNCTION = YES;
				GCC_WARN_UNUSED_VARIABLE = YES;
				IPHONEOS_DEPLOYMENT_TARGET = 13.7;
				MTL_ENABLE_DEBUG_INFO = NO;
				MTL_FAST_MATH = YES;
				SDKROOT = iphoneos;
				SWIFT_COMPILATION_MODE = wholemodule;
				SWIFT_OPTIMIZATION_LEVEL = "-O";
				VALIDATE_PRODUCT = YES;
			};
			name = Release;
		};
		93FE781825666A69009D8C4F /* Debug */ = {
			isa = XCBuildConfiguration;
			buildSettings = {
				ASSETCATALOG_COMPILER_APPICON_NAME = AppIcon;
				CODE_SIGN_STYLE = Automatic;
				DEVELOPMENT_ASSET_PATHS = "\"musicSharing/Preview Content\"";
				DEVELOPMENT_TEAM = TQ7AR27YAG;
				ENABLE_PREVIEWS = YES;
				INFOPLIST_FILE = musicSharing/Info.plist;
				LD_RUNPATH_SEARCH_PATHS = (
					"$(inherited)",
					"@executable_path/Frameworks",
				);
				PRODUCT_BUNDLE_IDENTIFIER = com.musicSharing;
				PRODUCT_NAME = "$(TARGET_NAME)";
				SWIFT_VERSION = 5.0;
				TARGETED_DEVICE_FAMILY = "1,2";
			};
			name = Debug;
		};
		93FE781925666A69009D8C4F /* Release */ = {
			isa = XCBuildConfiguration;
			buildSettings = {
				ASSETCATALOG_COMPILER_APPICON_NAME = AppIcon;
				CODE_SIGN_STYLE = Automatic;
				DEVELOPMENT_ASSET_PATHS = "\"musicSharing/Preview Content\"";
				DEVELOPMENT_TEAM = TQ7AR27YAG;
				ENABLE_PREVIEWS = YES;
				INFOPLIST_FILE = musicSharing/Info.plist;
				LD_RUNPATH_SEARCH_PATHS = (
					"$(inherited)",
					"@executable_path/Frameworks",
				);
				PRODUCT_BUNDLE_IDENTIFIER = com.musicSharing;
				PRODUCT_NAME = "$(TARGET_NAME)";
				SWIFT_VERSION = 5.0;
				TARGETED_DEVICE_FAMILY = "1,2";
			};
			name = Release;
		};
/* End XCBuildConfiguration section */

/* Begin XCConfigurationList section */
		93F2D7B12579A5F4004FDDD3 /* Build configuration list for PBXNativeTarget "musicSharingTests" */ = {
			isa = XCConfigurationList;
			buildConfigurations = (
				93F2D7B22579A5F4004FDDD3 /* Debug */,
				93F2D7B32579A5F4004FDDD3 /* Release */,
			);
			defaultConfigurationIsVisible = 0;
			defaultConfigurationName = Release;
		};
		93FE77FB25666A60009D8C4F /* Build configuration list for PBXProject "musicSharing" */ = {
			isa = XCConfigurationList;
			buildConfigurations = (
				93FE781525666A69009D8C4F /* Debug */,
				93FE781625666A69009D8C4F /* Release */,
			);
			defaultConfigurationIsVisible = 0;
			defaultConfigurationName = Release;
		};
		93FE781725666A69009D8C4F /* Build configuration list for PBXNativeTarget "musicSharing" */ = {
			isa = XCConfigurationList;
			buildConfigurations = (
				93FE781825666A69009D8C4F /* Debug */,
				93FE781925666A69009D8C4F /* Release */,
			);
			defaultConfigurationIsVisible = 0;
			defaultConfigurationName = Release;
		};
/* End XCConfigurationList section */

/* Begin XCVersionGroup section */
		93FE780725666A60009D8C4F /* musicSharing.xcdatamodeld */ = {
			isa = XCVersionGroup;
			children = (
				93F2D789257731C9004FDDD3 /* schoolProject v2.xcdatamodel */,
				93FE780825666A60009D8C4F /* schoolProject.xcdatamodel */,
			);
			currentVersion = 93FE780825666A60009D8C4F /* schoolProject.xcdatamodel */;
			path = musicSharing.xcdatamodeld;
			sourceTree = "<group>";
			versionGroupType = wrapper.xcdatamodel;
		};
/* End XCVersionGroup section */
	};
	rootObject = 93FE77F825666A60009D8C4F /* Project object */;
}
